
Microsoft Visual Studio Solution File, Format Version 12.00
# Visual Studio Version 17
VisualStudioVersion = 17.5.002.0
MinimumVisualStudioVersion = 10.0.40219.1
Project("{9A19103F-16F7-4668-BE54-9A1E7A4F7556}") = "p2", "p2.csproj", "{51A965AC-4436-4004-8DCC-26043606ED9D}"
EndProject
Global
	GlobalSection(SolutionConfigurationPlatforms) = preSolution
		Debug|Any CPU = Debug|Any CPU
		Release|Any CPU = Release|Any CPU
	EndGlobalSection
	GlobalSection(ProjectConfigurationPlatforms) = postSolution
		{51A965AC-4436-4004-8DCC-26043606ED9D}.Debug|Any CPU.ActiveCfg = Debug|Any CPU
		{51A965AC-4436-4004-8DCC-26043606ED9D}.Debug|Any CPU.Build.0 = Debug|Any CPU
		{51A965AC-4436-4004-8DCC-26043606ED9D}.Release|Any CPU.ActiveCfg = Release|Any CPU
		{51A965AC-4436-4004-8DCC-26043606ED9D}.Release|Any CPU.Build.0 = Release|Any CPU
	EndGlobalSection
	GlobalSection(SolutionProperties) = preSolution
		HideSolutionNode = FALSE
	EndGlobalSection
	GlobalSection(ExtensibilityGlobals) = postSolution
		SolutionGuid = {593DB38F-0CF4-4C7E-A90F-E7D3C651FD27}
	EndGlobalSection
EndGlobal
